
Microsoft Visual Studio Solution File, Format Version 12.00
# Visual Studio 15
VisualStudioVersion = 15.0.27428.2037
MinimumVisualStudioVersion = 10.0.40219.1
Project("{2150E333-8FDC-42A3-9474-1A3956D46DE8}") = "Views", "Views", "{13F4C71C-EA6E-4049-B9FB-F5340C903DE7}"
EndProject
Project("{2150E333-8FDC-42A3-9474-1A3956D46DE8}") = "Models", "Models", "{9DFB37F4-0C0D-4DAC-82DD-33E9DEA4FA09}"
EndProject
Project("{2150E333-8FDC-42A3-9474-1A3956D46DE8}") = "ViewModels", "ViewModels", "{B388C87F-0359-4E1A-98DA-C6A8837F7F10}"
EndProject
Project("{FAE04EC0-301F-11D3-BF4B-00C04F79EFBC}") = "Engineer.ViewModels", "Engineer.ViewModels\Engineer.ViewModels.csproj", "{36D9272F-55F1-4C5B-A8B3-5C3EDDF163BF}"
EndProject
Project("{FAE04EC0-301F-11D3-BF4B-00C04F79EFBC}") = "Engineer.Client", "Engineer.Client\Engineer.Client.csproj", "{B43B2992-EA41-4405-AED5-9073CFDFD306}"
	ProjectSection(ProjectDependencies) = postProject
		{3F579C15-14A9-4312-80FD-BB6FFCA120D7} = {3F579C15-14A9-4312-80FD-BB6FFCA120D7}
		{36D9272F-55F1-4C5B-A8B3-5C3EDDF163BF} = {36D9272F-55F1-4C5B-A8B3-5C3EDDF163BF}
		{DF007BA0-ECDD-4279-9359-B196A9DB7034} = {DF007BA0-ECDD-4279-9359-B196A9DB7034}
		{170F5BDF-6C26-4914-A59D-488EE5FF634C} = {170F5BDF-6C26-4914-A59D-488EE5FF634C}
	EndProjectSection
EndProject
Project("{FAE04EC0-301F-11D3-BF4B-00C04F79EFBC}") = "Engineer.Data", "Engineer.Data\Engineer.Data.csproj", "{170F5BDF-6C26-4914-A59D-488EE5FF634C}"
EndProject
Project("{FAE04EC0-301F-11D3-BF4B-00C04F79EFBC}") = "Engineer.Domain", "Engineer.Domain\Engineer.Domain.csproj", "{3F579C15-14A9-4312-80FD-BB6FFCA120D7}"
EndProject
Project("{FAE04EC0-301F-11D3-BF4B-00C04F79EFBC}") = "Engineer.Services", "Engineer.Services\Engineer.Services.csproj", "{DF007BA0-ECDD-4279-9359-B196A9DB7034}"
EndProject
Project("{FAE04EC0-301F-11D3-BF4B-00C04F79EFBC}") = "Engineer.UserControls", "Engineer.UserControls\Engineer.UserControls.csproj", "{35E3B69D-4769-4429-9B03-32CD40FBB982}"
EndProject
Project("{FAE04EC0-301F-11D3-BF4B-00C04F79EFBC}") = "Engineer.AppStyle", "Engineer.AppStyle\Engineer.AppStyle.csproj", "{37B92330-2764-4770-9112-365BC403B19E}"
EndProject
Project("{2150E333-8FDC-42A3-9474-1A3956D46DE8}") = "Utilities", "Utilities", "{3D0162B8-3988-4A3C-A627-D026B3DA174D}"
EndProject
Project("{FAE04EC0-301F-11D3-BF4B-00C04F79EFBC}") = "Engineer.Utilities", "Engineer.Utilities\Engineer.Utilities.csproj", "{98AC32AD-B6B1-4253-B95B-DA8EFACC1206}"
EndProject
Global
	GlobalSection(SolutionConfigurationPlatforms) = preSolution
		Debug|Any CPU = Debug|Any CPU
		Release|Any CPU = Release|Any CPU
	EndGlobalSection
	GlobalSection(ProjectConfigurationPlatforms) = postSolution
		{36D9272F-55F1-4C5B-A8B3-5C3EDDF163BF}.Debug|Any CPU.ActiveCfg = Debug|Any CPU
		{36D9272F-55F1-4C5B-A8B3-5C3EDDF163BF}.Debug|Any CPU.Build.0 = Debug|Any CPU
		{36D9272F-55F1-4C5B-A8B3-5C3EDDF163BF}.Release|Any CPU.ActiveCfg = Release|Any CPU
		{36D9272F-55F1-4C5B-A8B3-5C3EDDF163BF}.Release|Any CPU.Build.0 = Release|Any CPU
		{B43B2992-EA41-4405-AED5-9073CFDFD306}.Debug|Any CPU.ActiveCfg = Debug|Any CPU
		{B43B2992-EA41-4405-AED5-9073CFDFD306}.Debug|Any CPU.Build.0 = Debug|Any CPU
		{B43B2992-EA41-4405-AED5-9073CFDFD306}.Release|Any CPU.ActiveCfg = Release|Any CPU
		{B43B2992-EA41-4405-AED5-9073CFDFD306}.Release|Any CPU.Build.0 = Release|Any CPU
		{170F5BDF-6C26-4914-A59D-488EE5FF634C}.Debug|Any CPU.ActiveCfg = Debug|Any CPU
		{170F5BDF-6C26-4914-A59D-488EE5FF634C}.Debug|Any CPU.Build.0 = Debug|Any CPU
		{170F5BDF-6C26-4914-A59D-488EE5FF634C}.Release|Any CPU.ActiveCfg = Release|Any CPU
		{170F5BDF-6C26-4914-A59D-488EE5FF634C}.Release|Any CPU.Build.0 = Release|Any CPU
		{3F579C15-14A9-4312-80FD-BB6FFCA120D7}.Debug|Any CPU.ActiveCfg = Debug|Any CPU
		{3F579C15-14A9-4312-80FD-BB6FFCA120D7}.Debug|Any CPU.Build.0 = Debug|Any CPU
		{3F579C15-14A9-4312-80FD-BB6FFCA120D7}.Release|Any CPU.ActiveCfg = Release|Any CPU
		{3F579C15-14A9-4312-80FD-BB6FFCA120D7}.Release|Any CPU.Build.0 = Release|Any CPU
		{DF007BA0-ECDD-4279-9359-B196A9DB7034}.Debug|Any CPU.ActiveCfg = Debug|Any CPU
		{DF007BA0-ECDD-4279-9359-B196A9DB7034}.Debug|Any CPU.Build.0 = Debug|Any CPU
		{DF007BA0-ECDD-4279-9359-B196A9DB7034}.Release|Any CPU.ActiveCfg = Release|Any CPU
		{DF007BA0-ECDD-4279-9359-B196A9DB7034}.Release|Any CPU.Build.0 = Release|Any CPU
		{35E3B69D-4769-4429-9B03-32CD40FBB982}.Debug|Any CPU.ActiveCfg = Debug|Any CPU
		{35E3B69D-4769-4429-9B03-32CD40FBB982}.Debug|Any CPU.Build.0 = Debug|Any CPU
		{35E3B69D-4769-4429-9B03-32CD40FBB982}.Release|Any CPU.ActiveCfg = Release|Any CPU
		{35E3B69D-4769-4429-9B03-32CD40FBB982}.Release|Any CPU.Build.0 = Release|Any CPU
		{37B92330-2764-4770-9112-365BC403B19E}.Debug|Any CPU.ActiveCfg = Debug|Any CPU
		{37B92330-2764-4770-9112-365BC403B19E}.Debug|Any CPU.Build.0 = Debug|Any CPU
		{37B92330-2764-4770-9112-365BC403B19E}.Release|Any CPU.ActiveCfg = Release|Any CPU
		{37B92330-2764-4770-9112-365BC403B19E}.Release|Any CPU.Build.0 = Release|Any CPU
		{98AC32AD-B6B1-4253-B95B-DA8EFACC1206}.Debug|Any CPU.ActiveCfg = Debug|Any CPU
		{98AC32AD-B6B1-4253-B95B-DA8EFACC1206}.Debug|Any CPU.Build.0 = Debug|Any CPU
		{98AC32AD-B6B1-4253-B95B-DA8EFACC1206}.Release|Any CPU.ActiveCfg = Release|Any CPU
		{98AC32AD-B6B1-4253-B95B-DA8EFACC1206}.Release|Any CPU.Build.0 = Release|Any CPU
	EndGlobalSection
	GlobalSection(SolutionProperties) = preSolution
		HideSolutionNode = FALSE
	EndGlobalSection
	GlobalSection(NestedProjects) = preSolution
		{36D9272F-55F1-4C5B-A8B3-5C3EDDF163BF} = {B388C87F-0359-4E1A-98DA-C6A8837F7F10}
		{B43B2992-EA41-4405-AED5-9073CFDFD306} = {13F4C71C-EA6E-4049-B9FB-F5340C903DE7}
		{170F5BDF-6C26-4914-A59D-488EE5FF634C} = {9DFB37F4-0C0D-4DAC-82DD-33E9DEA4FA09}
		{3F579C15-14A9-4312-80FD-BB6FFCA120D7} = {9DFB37F4-0C0D-4DAC-82DD-33E9DEA4FA09}
		{DF007BA0-ECDD-4279-9359-B196A9DB7034} = {9DFB37F4-0C0D-4DAC-82DD-33E9DEA4FA09}
		{35E3B69D-4769-4429-9B03-32CD40FBB982} = {13F4C71C-EA6E-4049-B9FB-F5340C903DE7}
		{37B92330-2764-4770-9112-365BC403B19E} = {13F4C71C-EA6E-4049-B9FB-F5340C903DE7}
		{98AC32AD-B6B1-4253-B95B-DA8EFACC1206} = {3D0162B8-3988-4A3C-A627-D026B3DA174D}
	EndGlobalSection
	GlobalSection(ExtensibilityGlobals) = postSolution
		SolutionGuid = {3AC3EC4C-73D3-48D9-974F-35DA57EB3EE5}
	EndGlobalSection
EndGlobal
